
Microsoft Visual Studio Solution File, Format Version 12.00
# Visual Studio 15
VisualStudioVersion = 15.0.27004.2010
MinimumVisualStudioVersion = 10.0.40219.1
Project("{FAE04EC0-301F-11D3-BF4B-00C04F79EFBC}") = "EPPlusCore", "EPPlusCore\EPPlusCore.csproj", "{91EC2A74-DB47-41C0-BE09-97D47588E26B}"
EndProject
Global
	GlobalSection(SolutionConfigurationPlatforms) = preSolution
		Debug|Any CPU = Debug|Any CPU
		Release|Any CPU = Release|Any CPU
	EndGlobalSection
	GlobalSection(ProjectConfigurationPlatforms) = postSolution
		{91EC2A74-DB47-41C0-BE09-97D47588E26B}.Debug|Any CPU.ActiveCfg = Debug|Any CPU
		{91EC2A74-DB47-41C0-BE09-97D47588E26B}.Debug|Any CPU.Build.0 = Debug|Any CPU
		{91EC2A74-DB47-41C0-BE09-97D47588E26B}.Release|Any CPU.ActiveCfg = Release|Any CPU
		{91EC2A74-DB47-41C0-BE09-97D47588E26B}.Release|Any CPU.Build.0 = Release|Any CPU
	EndGlobalSection
	GlobalSection(SolutionProperties) = preSolution
		HideSolutionNode = FALSE
	EndGlobalSection
	GlobalSection(ExtensibilityGlobals) = postSolution
		SolutionGuid = {A05316AC-00BD-4531-A8C4-29D12374BC8B}
	EndGlobalSection
EndGlobal
